<?xml version="1.0" encoding="utf-8"?>
<Project ToolsVersion="4.0" xmlns="http://schemas.microsoft.com/developer/msbuild/2003">
  <ItemGroup>
    <Filter Include="Source Files">
      <UniqueIdentifier>{4FC737F1-C7A5-4376-A066-2A32D752A2FF}</UniqueIdentifier>
      <Extensions>cpp;c;cc;cxx;def;odl;idl;hpj;bat;asm;asmx</Extensions>
    </Filter>
    <Filter Include="Header Files">
      <UniqueIdentifier>{93995380-89BD-4b04-88EB-625FBE52EBFB}</UniqueIdentifier>
      <Extensions>h;hh;hpp;hxx;hm;inl;inc;xsd</Extensions>
    </Filter>
    <Filter Include="Resource Files">
      <UniqueIdentifier>{67DA6AB6-F800-4c08-8B7A-83BB121AAD01}</UniqueIdentifier>
      <Extensions>rc;ico;cur;bmp;dlg;rc2;rct;bin;rgs;gif;jpg;jpeg;jpe;resx;tiff;tif;png;wav;mfcribbon-ms</Extensions>
    </Filter>
    <Filter Include="Collision">
      <UniqueIdentifier>{79d0c07a-869e-4357-b0d5-78f372cbf332}</UniqueIdentifier>
    </Filter>
    <Filter Include="Sprites">
      <UniqueIdentifier>{15c21931-77b8-4207-9724-260ea5483639}</UniqueIdentifier>
    </Filter>
    <Filter Include="Utils">
      <UniqueIdentifier>{fbcf064d-a6da-4621-a2fa-4935bc59e487}</UniqueIdentifier>
    </Filter>
    <Filter Include="Layer">
      <UniqueIdentifier>{427560b1-b8a2-4a3d-b7bd-877505f6a3e1}</UniqueIdentifier>
    </Filter>
    <Filter Include="GameObject">
      <UniqueIdentifier>{267fb09b-0ed2-4970-8b59-3b21fe300709}</UniqueIdentifier>
    </Filter>
  </ItemGroup>
  <ItemGroup>
    <Text Include="ReadMe.txt" />
  </ItemGroup>
  <ItemGroup>
    <ClInclude Include="CollisionComponentRectangle.h">
      <Filter>Collision</Filter>
    </ClInclude>
    <ClInclude Include="CollisionComponent.h">
      <Filter>Collision</Filter>
    </ClInclude>
    <ClInclude Include="CollisionComponentCircle.h">
      <Filter>Collision</Filter>
    </ClInclude>
    <ClInclude Include="CollisionCheckFunc.h">
      <Filter>Collision</Filter>
    </ClInclude>
    <ClInclude Include="CollisionComponentRectangleRotated.h">
      <Filter>Collision</Filter>
    </ClInclude>
    <ClInclude Include="AnimationManager.h">
      <Filter>Sprites</Filter>
    </ClInclude>
    <ClInclude Include="BitmapImage.h">
      <Filter>Sprites</Filter>
    </ClInclude>
    <ClInclude Include="SpritesAnimation.h">
      <Filter>Sprites</Filter>
    </ClInclude>
    <ClInclude Include="SpriteManager.h">
      <Filter>Sprites</Filter>
    </ClInclude>
    <ClInclude Include="Sprite.h">
      <Filter>Sprites</Filter>
    </ClInclude>
    <ClInclude Include="SpriteIface.h">
      <Filter>Sprites</Filter>
    </ClInclude>
    <ClInclude Include="WorldClock.h">
      <Filter>Utils</Filter>
    </ClInclude>
    <ClInclude Include="SingletonBase.h">
      <Filter>Utils</Filter>
    </ClInclude>
    <ClInclude Include="ScrollingScene.h">
      <Filter>GameObject</Filter>
    </ClInclude>
    <ClInclude Include="RandomFunction.h">
      <Filter>Utils</Filter>
    </ClInclude>
    <ClInclude Include="MathUtils.h">
      <Filter>Utils</Filter>
    </ClInclude>
    <ClInclude Include="Line2D.h">
      <Filter>Utils</Filter>
    </ClInclude>
    <ClInclude Include="LayerManager.h">
      <Filter>Layer</Filter>
    </ClInclude>
    <ClInclude Include="Layer.h">
      <Filter>Layer</Filter>
    </ClInclude>
    <ClInclude Include="KeyManager.h">
      <Filter>Utils</Filter>
    </ClInclude>
    <ClInclude Include="json.hpp">
      <Filter>Utils</Filter>
    </ClInclude>
    <ClInclude Include="GroundRectangle.h">
      <Filter>GameObject</Filter>
    </ClInclude>
    <ClInclude Include="GameObjectLoop.h">
      <Filter>GameObject</Filter>
    </ClInclude>
    <ClInclude Include="GameObject.h">
      <Filter>GameObject</Filter>
    </ClInclude>
    <ClInclude Include="DoubleBuffering.h">
      <Filter>Utils</Filter>
    </ClInclude>
    <ClInclude Include="CommonMacroHeader.h">
      <Filter>Utils</Filter>
    </ClInclude>
    <ClInclude Include="CommomMacro.h">
      <Filter>Utils</Filter>
    </ClInclude>
    <ClInclude Include="CollisionTriggerBox.h">
      <Filter>GameObject</Filter>
    </ClInclude>
    <ClInclude Include="Camera.h">
      <Filter>GameObject</Filter>
    </ClInclude>
    <ClInclude Include="CollisionConfig.h">
      <Filter>Collision</Filter>
    </ClInclude>
    <ClInclude Include="Global.h">
      <Filter>Header Files</Filter>
    </ClInclude>
    <ClInclude Include="MapManager.h">
      <Filter>Header Files</Filter>
    </ClInclude>
    <ClInclude Include="GroundRectangleRotated.h">
      <Filter>GameObject</Filter>
    </ClInclude>
  </ItemGroup>
  <ItemGroup>
    <ClCompile Include="CollisionComponentCircle.cpp">
      <Filter>Collision</Filter>
    </ClCompile>
    <ClCompile Include="CollisionComponentRectangle.cpp">
      <Filter>Collision</Filter>
    </ClCompile>
    <ClCompile Include="CollisionComponent.cpp">
      <Filter>Collision</Filter>
    </ClCompile>
    <ClCompile Include="CollisionCheckFunc.cpp">
      <Filter>Collision</Filter>
    </ClCompile>
    <ClCompile Include="CollisionComponentRectangleRotated.cpp">
      <Filter>Collision</Filter>
    </ClCompile>
    <ClCompile Include="AnimationManager.cpp">
      <Filter>Sprites</Filter>
    </ClCompile>
    <ClCompile Include="BitmapImage.cpp">
      <Filter>Sprites</Filter>
    </ClCompile>
    <ClCompile Include="Sprite.cpp">
      <Filter>Sprites</Filter>
    </ClCompile>
    <ClCompile Include="SpriteManager.cpp">
      <Filter>Sprites</Filter>
    </ClCompile>
    <ClCompile Include="SpritesAnimation.cpp">
      <Filter>Sprites</Filter>
    </ClCompile>
    <ClCompile Include="Camera.cpp">
      <Filter>GameObject</Filter>
    </ClCompile>
    <ClCompile Include="CollisionTriggerBox.cpp">
      <Filter>GameObject</Filter>
    </ClCompile>
    <ClCompile Include="CollisionConfig.cpp">
      <Filter>Collision</Filter>
    </ClCompile>
    <ClCompile Include="GameObject.cpp">
      <Filter>GameObject</Filter>
    </ClCompile>
    <ClCompile Include="GameObjectLoop.cpp">
      <Filter>GameObject</Filter>
    </ClCompile>
    <ClCompile Include="GroundRectangle.cpp">
      <Filter>GameObject</Filter>
    </ClCompile>
    <ClCompile Include="Layer.cpp">
      <Filter>Layer</Filter>
    </ClCompile>
    <ClCompile Include="LayerManager.cpp">
      <Filter>Layer</Filter>
    </ClCompile>
    <ClCompile Include="Line2D.cpp">
      <Filter>Utils</Filter>
    </ClCompile>
    <ClCompile Include="MathUtils.cpp">
      <Filter>Utils</Filter>
    </ClCompile>
    <ClCompile Include="ScrollingScene.cpp">
      <Filter>GameObject</Filter>
    </ClCompile>
    <ClCompile Include="MapManager.cpp">
      <Filter>Source Files</Filter>
    </ClCompile>
    <ClCompile Include="GroundRectangleRotated.cpp">
      <Filter>GameObject</Filter>
    </ClCompile>
  </ItemGroup>
</Project>