
Microsoft Visual Studio Solution File, Format Version 12.00
# Visual Studio 14
VisualStudioVersion = 14.0.25420.1
MinimumVisualStudioVersion = 10.0.40219.1
Project("{8BC9CEB8-8B4A-11D0-8D11-00A0C91BC942}") = "MetalSlug3Imitation", "MetalSlug3Imitation\MetalSlug3Imitation.vcxproj", "{CF527A3B-69E4-44E2-97C0-7D9B6F304737}"
EndProject
Project("{8BC9CEB8-8B4A-11D0-8D11-00A0C91BC942}") = "ImageManager", "ImageManager\ImageManager.vcxproj", "{A8ED1DB1-7391-4C3B-B1DD-F39857977232}"
EndProject
Project("{8BC9CEB8-8B4A-11D0-8D11-00A0C91BC942}") = "TestImageManager", "TestImageManager\TestImageManager.vcxproj", "{450C4814-DCE5-4F2F-8E8C-B70DBCEE6801}"
	ProjectSection(ProjectDependencies) = postProject
		{38EA8C41-626E-4AD5-83A0-340533C429A7} = {38EA8C41-626E-4AD5-83A0-340533C429A7}
		{A8ED1DB1-7391-4C3B-B1DD-F39857977232} = {A8ED1DB1-7391-4C3B-B1DD-F39857977232}
	EndProjectSection
EndProject
Project("{8BC9CEB8-8B4A-11D0-8D11-00A0C91BC942}") = "CommonUtils", "CommonUtils\CommonUtils.vcxproj", "{38EA8C41-626E-4AD5-83A0-340533C429A7}"
EndProject
Project("{8BC9CEB8-8B4A-11D0-8D11-00A0C91BC942}") = "LayerManager", "LayerManager\LayerManager.vcxproj", "{A35CCA8D-B510-46A3-8078-0B422A751279}"
EndProject
Project("{8BC9CEB8-8B4A-11D0-8D11-00A0C91BC942}") = "GameObject", "GameObject\GameObject.vcxproj", "{FF9A1539-B9B2-4ACE-8107-EED90193E15C}"
EndProject
Project("{8BC9CEB8-8B4A-11D0-8D11-00A0C91BC942}") = "TestCollision", "TestCollision\TestCollision.vcxproj", "{13D6C48E-47FB-42C9-9AD3-F618C8478769}"
	ProjectSection(ProjectDependencies) = postProject
		{FF9A1539-B9B2-4ACE-8107-EED90193E15C} = {FF9A1539-B9B2-4ACE-8107-EED90193E15C}
		{38EA8C41-626E-4AD5-83A0-340533C429A7} = {38EA8C41-626E-4AD5-83A0-340533C429A7}
		{A35CCA8D-B510-46A3-8078-0B422A751279} = {A35CCA8D-B510-46A3-8078-0B422A751279}
		{A8ED1DB1-7391-4C3B-B1DD-F39857977232} = {A8ED1DB1-7391-4C3B-B1DD-F39857977232}
	EndProjectSection
EndProject
Global
	GlobalSection(SolutionConfigurationPlatforms) = preSolution
		Debug|x64 = Debug|x64
		Debug|x86 = Debug|x86
		Release|x64 = Release|x64
		Release|x86 = Release|x86
	EndGlobalSection
	GlobalSection(ProjectConfigurationPlatforms) = postSolution
		{CF527A3B-69E4-44E2-97C0-7D9B6F304737}.Debug|x64.ActiveCfg = Debug|x64
		{CF527A3B-69E4-44E2-97C0-7D9B6F304737}.Debug|x64.Build.0 = Debug|x64
		{CF527A3B-69E4-44E2-97C0-7D9B6F304737}.Debug|x86.ActiveCfg = Debug|Win32
		{CF527A3B-69E4-44E2-97C0-7D9B6F304737}.Debug|x86.Build.0 = Debug|Win32
		{CF527A3B-69E4-44E2-97C0-7D9B6F304737}.Release|x64.ActiveCfg = Release|x64
		{CF527A3B-69E4-44E2-97C0-7D9B6F304737}.Release|x64.Build.0 = Release|x64
		{CF527A3B-69E4-44E2-97C0-7D9B6F304737}.Release|x86.ActiveCfg = Release|Win32
		{CF527A3B-69E4-44E2-97C0-7D9B6F304737}.Release|x86.Build.0 = Release|Win32
		{A8ED1DB1-7391-4C3B-B1DD-F39857977232}.Debug|x64.ActiveCfg = Debug|x64
		{A8ED1DB1-7391-4C3B-B1DD-F39857977232}.Debug|x64.Build.0 = Debug|x64
		{A8ED1DB1-7391-4C3B-B1DD-F39857977232}.Debug|x86.ActiveCfg = Debug|Win32
		{A8ED1DB1-7391-4C3B-B1DD-F39857977232}.Debug|x86.Build.0 = Debug|Win32
		{A8ED1DB1-7391-4C3B-B1DD-F39857977232}.Release|x64.ActiveCfg = Release|x64
		{A8ED1DB1-7391-4C3B-B1DD-F39857977232}.Release|x64.Build.0 = Release|x64
		{A8ED1DB1-7391-4C3B-B1DD-F39857977232}.Release|x86.ActiveCfg = Release|Win32
		{A8ED1DB1-7391-4C3B-B1DD-F39857977232}.Release|x86.Build.0 = Release|Win32
		{450C4814-DCE5-4F2F-8E8C-B70DBCEE6801}.Debug|x64.ActiveCfg = Debug|x64
		{450C4814-DCE5-4F2F-8E8C-B70DBCEE6801}.Debug|x64.Build.0 = Debug|x64
		{450C4814-DCE5-4F2F-8E8C-B70DBCEE6801}.Debug|x86.ActiveCfg = Debug|Win32
		{450C4814-DCE5-4F2F-8E8C-B70DBCEE6801}.Debug|x86.Build.0 = Debug|Win32
		{450C4814-DCE5-4F2F-8E8C-B70DBCEE6801}.Release|x64.ActiveCfg = Release|x64
		{450C4814-DCE5-4F2F-8E8C-B70DBCEE6801}.Release|x64.Build.0 = Release|x64
		{450C4814-DCE5-4F2F-8E8C-B70DBCEE6801}.Release|x86.ActiveCfg = Release|Win32
		{450C4814-DCE5-4F2F-8E8C-B70DBCEE6801}.Release|x86.Build.0 = Release|Win32
		{38EA8C41-626E-4AD5-83A0-340533C429A7}.Debug|x64.ActiveCfg = Debug|x64
		{38EA8C41-626E-4AD5-83A0-340533C429A7}.Debug|x64.Build.0 = Debug|x64
		{38EA8C41-626E-4AD5-83A0-340533C429A7}.Debug|x86.ActiveCfg = Debug|Win32
		{38EA8C41-626E-4AD5-83A0-340533C429A7}.Debug|x86.Build.0 = Debug|Win32
		{38EA8C41-626E-4AD5-83A0-340533C429A7}.Release|x64.ActiveCfg = Release|x64
		{38EA8C41-626E-4AD5-83A0-340533C429A7}.Release|x64.Build.0 = Release|x64
		{38EA8C41-626E-4AD5-83A0-340533C429A7}.Release|x86.ActiveCfg = Release|Win32
		{38EA8C41-626E-4AD5-83A0-340533C429A7}.Release|x86.Build.0 = Release|Win32
		{A35CCA8D-B510-46A3-8078-0B422A751279}.Debug|x64.ActiveCfg = Debug|x64
		{A35CCA8D-B510-46A3-8078-0B422A751279}.Debug|x64.Build.0 = Debug|x64
		{A35CCA8D-B510-46A3-8078-0B422A751279}.Debug|x86.ActiveCfg = Debug|Win32
		{A35CCA8D-B510-46A3-8078-0B422A751279}.Debug|x86.Build.0 = Debug|Win32
		{A35CCA8D-B510-46A3-8078-0B422A751279}.Release|x64.ActiveCfg = Release|x64
		{A35CCA8D-B510-46A3-8078-0B422A751279}.Release|x64.Build.0 = Release|x64
		{A35CCA8D-B510-46A3-8078-0B422A751279}.Release|x86.ActiveCfg = Release|Win32
		{A35CCA8D-B510-46A3-8078-0B422A751279}.Release|x86.Build.0 = Release|Win32
		{FF9A1539-B9B2-4ACE-8107-EED90193E15C}.Debug|x64.ActiveCfg = Debug|x64
		{FF9A1539-B9B2-4ACE-8107-EED90193E15C}.Debug|x64.Build.0 = Debug|x64
		{FF9A1539-B9B2-4ACE-8107-EED90193E15C}.Debug|x86.ActiveCfg = Debug|Win32
		{FF9A1539-B9B2-4ACE-8107-EED90193E15C}.Debug|x86.Build.0 = Debug|Win32
		{FF9A1539-B9B2-4ACE-8107-EED90193E15C}.Release|x64.ActiveCfg = Release|x64
		{FF9A1539-B9B2-4ACE-8107-EED90193E15C}.Release|x64.Build.0 = Release|x64
		{FF9A1539-B9B2-4ACE-8107-EED90193E15C}.Release|x86.ActiveCfg = Release|Win32
		{FF9A1539-B9B2-4ACE-8107-EED90193E15C}.Release|x86.Build.0 = Release|Win32
		{13D6C48E-47FB-42C9-9AD3-F618C8478769}.Debug|x64.ActiveCfg = Debug|x64
		{13D6C48E-47FB-42C9-9AD3-F618C8478769}.Debug|x64.Build.0 = Debug|x64
		{13D6C48E-47FB-42C9-9AD3-F618C8478769}.Debug|x86.ActiveCfg = Debug|Win32
		{13D6C48E-47FB-42C9-9AD3-F618C8478769}.Debug|x86.Build.0 = Debug|Win32
		{13D6C48E-47FB-42C9-9AD3-F618C8478769}.Release|x64.ActiveCfg = Release|x64
		{13D6C48E-47FB-42C9-9AD3-F618C8478769}.Release|x64.Build.0 = Release|x64
		{13D6C48E-47FB-42C9-9AD3-F618C8478769}.Release|x86.ActiveCfg = Release|Win32
		{13D6C48E-47FB-42C9-9AD3-F618C8478769}.Release|x86.Build.0 = Release|Win32
	EndGlobalSection
	GlobalSection(SolutionProperties) = preSolution
		HideSolutionNode = FALSE
	EndGlobalSection
EndGlobal
