
Microsoft Visual Studio Solution File, Format Version 12.00
# Visual Studio 14
VisualStudioVersion = 14.0.25420.1
MinimumVisualStudioVersion = 10.0.40219.1
Project("{8BC9CEB8-8B4A-11D0-8D11-00A0C91BC942}") = "MetalSlug3Imitation", "MetalSlug3Imitation\MetalSlug3Imitation.vcxproj", "{CF527A3B-69E4-44E2-97C0-7D9B6F304737}"
	ProjectSection(ProjectDependencies) = postProject
		{FF9A1539-B9B2-4ACE-8107-EED90193E15C} = {FF9A1539-B9B2-4ACE-8107-EED90193E15C}
	EndProjectSection
EndProject
Project("{8BC9CEB8-8B4A-11D0-8D11-00A0C91BC942}") = "TestImageManager", "TestImageManager\TestImageManager.vcxproj", "{450C4814-DCE5-4F2F-8E8C-B70DBCEE6801}"
EndProject
Project("{8BC9CEB8-8B4A-11D0-8D11-00A0C91BC942}") = "GameObject", "GameObject\GameObject.vcxproj", "{FF9A1539-B9B2-4ACE-8107-EED90193E15C}"
EndProject
Project("{8BC9CEB8-8B4A-11D0-8D11-00A0C91BC942}") = "TestCollision", "TestCollision\TestCollision.vcxproj", "{13D6C48E-47FB-42C9-9AD3-F618C8478769}"
	ProjectSection(ProjectDependencies) = postProject
		{FF9A1539-B9B2-4ACE-8107-EED90193E15C} = {FF9A1539-B9B2-4ACE-8107-EED90193E15C}
	EndProjectSection
EndProject
Project("{8BC9CEB8-8B4A-11D0-8D11-00A0C91BC942}") = "MapTool", "MapTool\MapTool.vcxproj", "{81A292C7-123C-422D-B692-CDF9C9BD42AA}"
	ProjectSection(ProjectDependencies) = postProject
		{FF9A1539-B9B2-4ACE-8107-EED90193E15C} = {FF9A1539-B9B2-4ACE-8107-EED90193E15C}
	EndProjectSection
EndProject
Global
	GlobalSection(SolutionConfigurationPlatforms) = preSolution
		Debug|x64 = Debug|x64
		Debug|x86 = Debug|x86
		Release|x64 = Release|x64
		Release|x86 = Release|x86
	EndGlobalSection
	GlobalSection(ProjectConfigurationPlatforms) = postSolution
		{CF527A3B-69E4-44E2-97C0-7D9B6F304737}.Debug|x64.ActiveCfg = Debug|x64
		{CF527A3B-69E4-44E2-97C0-7D9B6F304737}.Debug|x64.Build.0 = Debug|x64
		{CF527A3B-69E4-44E2-97C0-7D9B6F304737}.Debug|x86.ActiveCfg = Debug|Win32
		{CF527A3B-69E4-44E2-97C0-7D9B6F304737}.Debug|x86.Build.0 = Debug|Win32
		{CF527A3B-69E4-44E2-97C0-7D9B6F304737}.Release|x64.ActiveCfg = Release|x64
		{CF527A3B-69E4-44E2-97C0-7D9B6F304737}.Release|x64.Build.0 = Release|x64
		{CF527A3B-69E4-44E2-97C0-7D9B6F304737}.Release|x86.ActiveCfg = Release|Win32
		{CF527A3B-69E4-44E2-97C0-7D9B6F304737}.Release|x86.Build.0 = Release|Win32
		{450C4814-DCE5-4F2F-8E8C-B70DBCEE6801}.Debug|x64.ActiveCfg = Debug|x64
		{450C4814-DCE5-4F2F-8E8C-B70DBCEE6801}.Debug|x64.Build.0 = Debug|x64
		{450C4814-DCE5-4F2F-8E8C-B70DBCEE6801}.Debug|x86.ActiveCfg = Debug|Win32
		{450C4814-DCE5-4F2F-8E8C-B70DBCEE6801}.Debug|x86.Build.0 = Debug|Win32
		{450C4814-DCE5-4F2F-8E8C-B70DBCEE6801}.Release|x64.ActiveCfg = Release|x64
		{450C4814-DCE5-4F2F-8E8C-B70DBCEE6801}.Release|x64.Build.0 = Release|x64
		{450C4814-DCE5-4F2F-8E8C-B70DBCEE6801}.Release|x86.ActiveCfg = Release|Win32
		{450C4814-DCE5-4F2F-8E8C-B70DBCEE6801}.Release|x86.Build.0 = Release|Win32
		{FF9A1539-B9B2-4ACE-8107-EED90193E15C}.Debug|x64.ActiveCfg = Debug|x64
		{FF9A1539-B9B2-4ACE-8107-EED90193E15C}.Debug|x64.Build.0 = Debug|x64
		{FF9A1539-B9B2-4ACE-8107-EED90193E15C}.Debug|x86.ActiveCfg = Debug|Win32
		{FF9A1539-B9B2-4ACE-8107-EED90193E15C}.Debug|x86.Build.0 = Debug|Win32
		{FF9A1539-B9B2-4ACE-8107-EED90193E15C}.Release|x64.ActiveCfg = Release|x64
		{FF9A1539-B9B2-4ACE-8107-EED90193E15C}.Release|x64.Build.0 = Release|x64
		{FF9A1539-B9B2-4ACE-8107-EED90193E15C}.Release|x86.ActiveCfg = Release|Win32
		{FF9A1539-B9B2-4ACE-8107-EED90193E15C}.Release|x86.Build.0 = Release|Win32
		{13D6C48E-47FB-42C9-9AD3-F618C8478769}.Debug|x64.ActiveCfg = Debug|x64
		{13D6C48E-47FB-42C9-9AD3-F618C8478769}.Debug|x64.Build.0 = Debug|x64
		{13D6C48E-47FB-42C9-9AD3-F618C8478769}.Debug|x86.ActiveCfg = Debug|Win32
		{13D6C48E-47FB-42C9-9AD3-F618C8478769}.Debug|x86.Build.0 = Debug|Win32
		{13D6C48E-47FB-42C9-9AD3-F618C8478769}.Release|x64.ActiveCfg = Release|x64
		{13D6C48E-47FB-42C9-9AD3-F618C8478769}.Release|x64.Build.0 = Release|x64
		{13D6C48E-47FB-42C9-9AD3-F618C8478769}.Release|x86.ActiveCfg = Release|Win32
		{13D6C48E-47FB-42C9-9AD3-F618C8478769}.Release|x86.Build.0 = Release|Win32
		{81A292C7-123C-422D-B692-CDF9C9BD42AA}.Debug|x64.ActiveCfg = Debug|x64
		{81A292C7-123C-422D-B692-CDF9C9BD42AA}.Debug|x64.Build.0 = Debug|x64
		{81A292C7-123C-422D-B692-CDF9C9BD42AA}.Debug|x86.ActiveCfg = Debug|Win32
		{81A292C7-123C-422D-B692-CDF9C9BD42AA}.Debug|x86.Build.0 = Debug|Win32
		{81A292C7-123C-422D-B692-CDF9C9BD42AA}.Release|x64.ActiveCfg = Release|x64
		{81A292C7-123C-422D-B692-CDF9C9BD42AA}.Release|x64.Build.0 = Release|x64
		{81A292C7-123C-422D-B692-CDF9C9BD42AA}.Release|x86.ActiveCfg = Release|Win32
		{81A292C7-123C-422D-B692-CDF9C9BD42AA}.Release|x86.Build.0 = Release|Win32
	EndGlobalSection
	GlobalSection(SolutionProperties) = preSolution
		HideSolutionNode = FALSE
	EndGlobalSection
EndGlobal
