<?xml version="1.0" encoding="utf-8"?>
<Project ToolsVersion="4.0" xmlns="http://schemas.microsoft.com/developer/msbuild/2003">
  <ItemGroup>
    <Filter Include="Header Files">
      <UniqueIdentifier>{93995380-89BD-4b04-88EB-625FBE52EBFB}</UniqueIdentifier>
      <Extensions>h;hh;hpp;hxx;hm;inl;inc;xsd</Extensions>
    </Filter>
    <Filter Include="Resource Files">
      <UniqueIdentifier>{67DA6AB6-F800-4c08-8B7A-83BB121AAD01}</UniqueIdentifier>
      <Extensions>rc;ico;cur;bmp;dlg;rc2;rct;bin;rgs;gif;jpg;jpeg;jpe;resx;tiff;tif;png;wav;mfcribbon-ms</Extensions>
    </Filter>
    <Filter Include="GameLoop">
      <UniqueIdentifier>{8c670be2-e624-47b5-bb04-1389aec950c3}</UniqueIdentifier>
    </Filter>
    <Filter Include="Global">
      <UniqueIdentifier>{f8d536a4-53c8-4f68-bca0-8d3ebda9bd2b}</UniqueIdentifier>
    </Filter>
    <Filter Include="Resource Files\SpriteList">
      <UniqueIdentifier>{4db78151-3ef9-4ea6-b093-1cbc1fada751}</UniqueIdentifier>
    </Filter>
    <Filter Include="Resource Files\AnimationList">
      <UniqueIdentifier>{563956e9-3810-4443-9fd4-3242a7332d90}</UniqueIdentifier>
    </Filter>
    <Filter Include="Player">
      <UniqueIdentifier>{3c8fbbab-5bc5-411f-85f7-d48dd488e225}</UniqueIdentifier>
    </Filter>
    <Filter Include="Source Files">
      <UniqueIdentifier>{4FC737F1-C7A5-4376-A066-2A32D752A2FF}</UniqueIdentifier>
      <Extensions>cpp;c;cc;cxx;def;odl;idl;hpj;bat;asm;asmx</Extensions>
    </Filter>
  </ItemGroup>
  <ItemGroup>
    <Text Include="ReadMe.txt" />
  </ItemGroup>
  <ItemGroup>
    <ClCompile Include="GameLoop.cpp">
      <Filter>GameLoop</Filter>
    </ClCompile>
    <ClCompile Include="GameNode.cpp">
      <Filter>GameLoop</Filter>
    </ClCompile>
    <ClCompile Include="Source.cpp">
      <Filter>GameLoop</Filter>
    </ClCompile>
    <ClCompile Include="Stdafx.cpp">
      <Filter>Global</Filter>
    </ClCompile>
  </ItemGroup>
  <ItemGroup>
    <ClInclude Include="GameLoop.h">
      <Filter>GameLoop</Filter>
    </ClInclude>
    <ClInclude Include="GameNode.h">
      <Filter>GameLoop</Filter>
    </ClInclude>
    <ClInclude Include="Stdafx.h">
      <Filter>Global</Filter>
    </ClInclude>
    <ClInclude Include="AnimationLRPair.h">
      <Filter>Header Files</Filter>
    </ClInclude>
  </ItemGroup>
  <ItemGroup>
    <None Include="..\MapMission1Config.json">
      <Filter>Resource Files</Filter>
    </None>
    <None Include="..\Resource\Sprites\SpriteTarma.json">
      <Filter>Resource Files\SpriteList</Filter>
    </None>
    <None Include="..\Resource\Sprites\AnimationTarma.json">
      <Filter>Resource Files\AnimationList</Filter>
    </None>
    <None Include="..\Resource\Sprites\AnimationEnemyMission1.json">
      <Filter>Resource Files\AnimationList</Filter>
    </None>
    <None Include="..\Resource\Sprites\SpriteEnemyMission1.json">
      <Filter>Resource Files\SpriteList</Filter>
    </None>
    <None Include="..\Resource\Sprites\AnimationPlayerBullet.json">
      <Filter>Resource Files\AnimationList</Filter>
    </None>
    <None Include="..\Resource\Sprites\SpritePlayerBullet.json">
      <Filter>Resource Files\SpriteList</Filter>
    </None>
  </ItemGroup>
</Project>